// !$*UTF8*$!
{
	archiveVersion = 1;
	classes = {
	};
	objectVersion = 50;
	objects = {

/* Begin PBXBuildFile section */
		2F5D130622905A59008B52FA /* AppDelegate.swift in Sources */ = {isa = PBXBuildFile; fileRef = 2F5D130522905A59008B52FA /* AppDelegate.swift */; };
		2F5D130D22905A5B008B52FA /* Assets.xcassets in Resources */ = {isa = PBXBuildFile; fileRef = 2F5D130C22905A5B008B52FA /* Assets.xcassets */; };
		2F5D131022905A5B008B52FA /* LaunchScreen.storyboard in Resources */ = {isa = PBXBuildFile; fileRef = 2F5D130E22905A5B008B52FA /* LaunchScreen.storyboard */; };
		2F5D131C22907993008B52FA /* PasswordViewController.swift in Sources */ = {isa = PBXBuildFile; fileRef = 2F5D131B22907993008B52FA /* PasswordViewController.swift */; };
		2F5D131E229079DC008B52FA /* PasswordView.swift in Sources */ = {isa = PBXBuildFile; fileRef = 2F5D131D229079DC008B52FA /* PasswordView.swift */; };
		2F5D132022907B81008B52FA /* PinView.swift in Sources */ = {isa = PBXBuildFile; fileRef = 2F5D131F22907B81008B52FA /* PinView.swift */; };
		2F5D132422907D77008B52FA /* CircularPinView.swift in Sources */ = {isa = PBXBuildFile; fileRef = 2F5D132322907D77008B52FA /* CircularPinView.swift */; };
		2F5D132622908C42008B52FA /* CustomNavigationController.swift in Sources */ = {isa = PBXBuildFile; fileRef = 2F5D132522908C42008B52FA /* CustomNavigationController.swift */; };
		2F5D132922908D24008B52FA /* UIColorX.swift in Sources */ = {isa = PBXBuildFile; fileRef = 2F5D132822908D24008B52FA /* UIColorX.swift */; };
		2F5D132C229142C2008B52FA /* Configurations.swift in Sources */ = {isa = PBXBuildFile; fileRef = 2F5D132B229142C2008B52FA /* Configurations.swift */; };
		2F5D132F2291DD4E008B52FA /* Localizable.strings in Resources */ = {isa = PBXBuildFile; fileRef = 2F5D132E2291DD4E008B52FA /* Localizable.strings */; };
		2F5D13342291E394008B52FA /* StringX.swift in Sources */ = {isa = PBXBuildFile; fileRef = 2F5D13332291E394008B52FA /* StringX.swift */; };
		2F5D13362291E63D008B52FA /* UIApplicationX.swift in Sources */ = {isa = PBXBuildFile; fileRef = 2F5D13352291E63D008B52FA /* UIApplicationX.swift */; };
/* End PBXBuildFile section */

/* Begin PBXFileReference section */
		2F5D130222905A59008B52FA /* CustomizablePasswordField.app */ = {isa = PBXFileReference; explicitFileType = wrapper.application; includeInIndex = 0; path = CustomizablePasswordField.app; sourceTree = BUILT_PRODUCTS_DIR; };
		2F5D130522905A59008B52FA /* AppDelegate.swift */ = {isa = PBXFileReference; lastKnownFileType = sourcecode.swift; path = AppDelegate.swift; sourceTree = "<group>"; };
		2F5D130C22905A5B008B52FA /* Assets.xcassets */ = {isa = PBXFileReference; lastKnownFileType = folder.assetcatalog; path = Assets.xcassets; sourceTree = "<group>"; };
		2F5D130F22905A5B008B52FA /* Base */ = {isa = PBXFileReference; lastKnownFileType = file.storyboard; name = Base; path = Base.lproj/LaunchScreen.storyboard; sourceTree = "<group>"; };
		2F5D131122905A5B008B52FA /* Info.plist */ = {isa = PBXFileReference; lastKnownFileType = text.plist.xml; path = Info.plist; sourceTree = "<group>"; };
		2F5D131B22907993008B52FA /* PasswordViewController.swift */ = {isa = PBXFileReference; fileEncoding = 4; lastKnownFileType = sourcecode.swift; path = PasswordViewController.swift; sourceTree = "<group>"; };
		2F5D131D229079DC008B52FA /* PasswordView.swift */ = {isa = PBXFileReference; lastKnownFileType = sourcecode.swift; path = PasswordView.swift; sourceTree = "<group>"; };
		2F5D131F22907B81008B52FA /* PinView.swift */ = {isa = PBXFileReference; lastKnownFileType = sourcecode.swift; path = PinView.swift; sourceTree = "<group>"; };
		2F5D132322907D77008B52FA /* CircularPinView.swift */ = {isa = PBXFileReference; lastKnownFileType = sourcecode.swift; path = CircularPinView.swift; sourceTree = "<group>"; };
		2F5D132522908C42008B52FA /* CustomNavigationController.swift */ = {isa = PBXFileReference; lastKnownFileType = sourcecode.swift; path = CustomNavigationController.swift; sourceTree = "<group>"; };
		2F5D132822908D24008B52FA /* UIColorX.swift */ = {isa = PBXFileReference; lastKnownFileType = sourcecode.swift; path = UIColorX.swift; sourceTree = "<group>"; };
		2F5D132B229142C2008B52FA /* Configurations.swift */ = {isa = PBXFileReference; fileEncoding = 4; lastKnownFileType = sourcecode.swift; path = Configurations.swift; sourceTree = "<group>"; };
		2F5D132E2291DD4E008B52FA /* Localizable.strings */ = {isa = PBXFileReference; lastKnownFileType = text.plist.strings; path = Localizable.strings; sourceTree = "<group>"; };
		2F5D13332291E394008B52FA /* StringX.swift */ = {isa = PBXFileReference; lastKnownFileType = sourcecode.swift; path = StringX.swift; sourceTree = "<group>"; };
		2F5D13352291E63D008B52FA /* UIApplicationX.swift */ = {isa = PBXFileReference; lastKnownFileType = sourcecode.swift; path = UIApplicationX.swift; sourceTree = "<group>"; };
/* End PBXFileReference section */

/* Begin PBXFrameworksBuildPhase section */
		2F5D12FF22905A59008B52FA /* Frameworks */ = {
			isa = PBXFrameworksBuildPhase;
			buildActionMask = 2147483647;
			files = (
			);
			runOnlyForDeploymentPostprocessing = 0;
		};
/* End PBXFrameworksBuildPhase section */

/* Begin PBXGroup section */
		2F5D12F922905A59008B52FA = {
			isa = PBXGroup;
			children = (
				2F5D130422905A59008B52FA /* CustomizablePasswordField */,
				2F5D130322905A59008B52FA /* Products */,
			);
			sourceTree = "<group>";
		};
		2F5D130322905A59008B52FA /* Products */ = {
			isa = PBXGroup;
			children = (
				2F5D130222905A59008B52FA /* CustomizablePasswordField.app */,
			);
			name = Products;
			sourceTree = "<group>";
		};
		2F5D130422905A59008B52FA /* CustomizablePasswordField */ = {
			isa = PBXGroup;
			children = (
				2F5D132D2291DD1A008B52FA /* Resources */,
				2F5D132A229142A0008B52FA /* Configurations */,
				2F5D132722908D16008B52FA /* Extensions */,
				2F5D131822907993008B52FA /* Views */,
				2F5D130522905A59008B52FA /* AppDelegate.swift */,
				2F5D130C22905A5B008B52FA /* Assets.xcassets */,
				2F5D130E22905A5B008B52FA /* LaunchScreen.storyboard */,
				2F5D131122905A5B008B52FA /* Info.plist */,
			);
			path = CustomizablePasswordField;
			sourceTree = "<group>";
		};
		2F5D131822907993008B52FA /* Views */ = {
			isa = PBXGroup;
			children = (
				2F5D131922907993008B52FA /* CustomViews */,
				2F5D131A22907993008B52FA /* ViewControllers */,
			);
			path = Views;
			sourceTree = "<group>";
		};
		2F5D131922907993008B52FA /* CustomViews */ = {
			isa = PBXGroup;
			children = (
				2F5D131D229079DC008B52FA /* PasswordView.swift */,
				2F5D131F22907B81008B52FA /* PinView.swift */,
				2F5D132322907D77008B52FA /* CircularPinView.swift */,
			);
			path = CustomViews;
			sourceTree = "<group>";
		};
		2F5D131A22907993008B52FA /* ViewControllers */ = {
			isa = PBXGroup;
			children = (
				2F5D131B22907993008B52FA /* PasswordViewController.swift */,
				2F5D132522908C42008B52FA /* CustomNavigationController.swift */,
			);
			path = ViewControllers;
			sourceTree = "<group>";
		};
		2F5D132722908D16008B52FA /* Extensions */ = {
			isa = PBXGroup;
			children = (
				2F5D132822908D24008B52FA /* UIColorX.swift */,
				2F5D13332291E394008B52FA /* StringX.swift */,
				2F5D13352291E63D008B52FA /* UIApplicationX.swift */,
			);
			path = Extensions;
			sourceTree = "<group>";
		};
		2F5D132A229142A0008B52FA /* Configurations */ = {
			isa = PBXGroup;
			children = (
				2F5D132B229142C2008B52FA /* Configurations.swift */,
			);
			path = Configurations;
			sourceTree = "<group>";
		};
		2F5D132D2291DD1A008B52FA /* Resources */ = {
			isa = PBXGroup;
			children = (
				2F5D132E2291DD4E008B52FA /* Localizable.strings */,
			);
			path = Resources;
			sourceTree = "<group>";
		};
/* End PBXGroup section */

/* Begin PBXNativeTarget section */
		2F5D130122905A59008B52FA /* CustomizablePasswordField */ = {
			isa = PBXNativeTarget;
			buildConfigurationList = 2F5D131422905A5B008B52FA /* Build configuration list for PBXNativeTarget "CustomizablePasswordField" */;
			buildPhases = (
				2F5D12FE22905A59008B52FA /* Sources */,
				2F5D12FF22905A59008B52FA /* Frameworks */,
				2F5D130022905A59008B52FA /* Resources */,
			);
			buildRules = (
			);
			dependencies = (
			);
			name = CustomizablePasswordField;
			productName = CustomizablePasswordField;
			productReference = 2F5D130222905A59008B52FA /* CustomizablePasswordField.app */;
			productType = "com.apple.product-type.application";
		};
/* End PBXNativeTarget section */

/* Begin PBXProject section */
		2F5D12FA22905A59008B52FA /* Project object */ = {
			isa = PBXProject;
			attributes = {
				LastSwiftUpdateCheck = 1020;
				LastUpgradeCheck = 1020;
				TargetAttributes = {
					2F5D130122905A59008B52FA = {
						CreatedOnToolsVersion = 10.2;
					};
				};
			};
			buildConfigurationList = 2F5D12FD22905A59008B52FA /* Build configuration list for PBXProject "CustomizablePasswordField" */;
			compatibilityVersion = "Xcode 9.3";
			developmentRegion = en;
			hasScannedForEncodings = 0;
			knownRegions = (
				en,
				Base,
			);
			mainGroup = 2F5D12F922905A59008B52FA;
			productRefGroup = 2F5D130322905A59008B52FA /* Products */;
			projectDirPath = "";
			projectRoot = "";
			targets = (
				2F5D130122905A59008B52FA /* CustomizablePasswordField */,
			);
		};
/* End PBXProject section */

/* Begin PBXResourcesBuildPhase section */
		2F5D130022905A59008B52FA /* Resources */ = {
			isa = PBXResourcesBuildPhase;
			buildActionMask = 2147483647;
			files = (
				2F5D131022905A5B008B52FA /* LaunchScreen.storyboard in Resources */,
				2F5D132F2291DD4E008B52FA /* Localizable.strings in Resources */,
				2F5D130D22905A5B008B52FA /* Assets.xcassets in Resources */,
			);
			runOnlyForDeploymentPostprocessing = 0;
		};
/* End PBXResourcesBuildPhase section */

/* Begin PBXSourcesBuildPhase section */
		2F5D12FE22905A59008B52FA /* Sources */ = {
			isa = PBXSourcesBuildPhase;
			buildActionMask = 2147483647;
			files = (
				2F5D131E229079DC008B52FA /* PasswordView.swift in Sources */,
				2F5D131C22907993008B52FA /* PasswordViewController.swift in Sources */,
				2F5D132C229142C2008B52FA /* Configurations.swift in Sources */,
				2F5D132022907B81008B52FA /* PinView.swift in Sources */,
				2F5D132422907D77008B52FA /* CircularPinView.swift in Sources */,
				2F5D130622905A59008B52FA /* AppDelegate.swift in Sources */,
				2F5D13342291E394008B52FA /* StringX.swift in Sources */,
				2F5D132922908D24008B52FA /* UIColorX.swift in Sources */,
				2F5D132622908C42008B52FA /* CustomNavigationController.swift in Sources */,
				2F5D13362291E63D008B52FA /* UIApplicationX.swift in Sources */,
			);
			runOnlyForDeploymentPostprocessing = 0;
		};
/* End PBXSourcesBuildPhase section */

/* Begin PBXVariantGroup section */
		2F5D130E22905A5B008B52FA /* LaunchScreen.storyboard */ = {
			isa = PBXVariantGroup;
			children = (
				2F5D130F22905A5B008B52FA /* Base */,
			);
			name = LaunchScreen.storyboard;
			sourceTree = "<group>";
		};
/* End PBXVariantGroup section */

/* Begin XCBuildConfiguration section */
		2F5D131222905A5B008B52FA /* Debug */ = {
			isa = XCBuildConfiguration;
			buildSettings = {
				ALWAYS_SEARCH_USER_PATHS = NO;
				CLANG_ANALYZER_NONNULL = YES;
				CLANG_ANALYZER_NUMBER_OBJECT_CONVERSION = YES_AGGRESSIVE;
				CLANG_CXX_LANGUAGE_STANDARD = "gnu++14";
				CLANG_CXX_LIBRARY = "libc++";
				CLANG_ENABLE_MODULES = YES;
				CLANG_ENABLE_OBJC_ARC = YES;
				CLANG_ENABLE_OBJC_WEAK = YES;
				CLANG_WARN_BLOCK_CAPTURE_AUTORELEASING = YES;
				CLANG_WARN_BOOL_CONVERSION = YES;
				CLANG_WARN_COMMA = YES;
				CLANG_WARN_CONSTANT_CONVERSION = YES;
				CLANG_WARN_DEPRECATED_OBJC_IMPLEMENTATIONS = YES;
				CLANG_WARN_DIRECT_OBJC_ISA_USAGE = YES_ERROR;
				CLANG_WARN_DOCUMENTATION_COMMENTS = YES;
				CLANG_WARN_EMPTY_BODY = YES;
				CLANG_WARN_ENUM_CONVERSION = YES;
				CLANG_WARN_INFINITE_RECURSION = YES;
				CLANG_WARN_INT_CONVERSION = YES;
				CLANG_WARN_NON_LITERAL_NULL_CONVERSION = YES;
				CLANG_WARN_OBJC_IMPLICIT_RETAIN_SELF = YES;
				CLANG_WARN_OBJC_LITERAL_CONVERSION = YES;
				CLANG_WARN_OBJC_ROOT_CLASS = YES_ERROR;
				CLANG_WARN_RANGE_LOOP_ANALYSIS = YES;
				CLANG_WARN_STRICT_PROTOTYPES = YES;
				CLANG_WARN_SUSPICIOUS_MOVE = YES;
				CLANG_WARN_UNGUARDED_AVAILABILITY = YES_AGGRESSIVE;
				CLANG_WARN_UNREACHABLE_CODE = YES;
				CLANG_WARN__DUPLICATE_METHOD_MATCH = YES;
				CODE_SIGN_IDENTITY = "iPhone Developer";
				COPY_PHASE_STRIP = NO;
				DEBUG_INFORMATION_FORMAT = dwarf;
				ENABLE_STRICT_OBJC_MSGSEND = YES;
				ENABLE_TESTABILITY = YES;
				GCC_C_LANGUAGE_STANDARD = gnu11;
				GCC_DYNAMIC_NO_PIC = NO;
				GCC_NO_COMMON_BLOCKS = YES;
				GCC_OPTIMIZATION_LEVEL = 0;
				GCC_PREPROCESSOR_DEFINITIONS = (
					"DEBUG=1",
					"$(inherited)",
				);
				GCC_WARN_64_TO_32_BIT_CONVERSION = YES;
				GCC_WARN_ABOUT_RETURN_TYPE = YES_ERROR;
				GCC_WARN_UNDECLARED_SELECTOR = YES;
				GCC_WARN_UNINITIALIZED_AUTOS = YES_AGGRESSIVE;
				GCC_WARN_UNUSED_FUNCTION = YES;
				GCC_WARN_UNUSED_VARIABLE = YES;
				IPHONEOS_DEPLOYMENT_TARGET = 12.2;
				MTL_ENABLE_DEBUG_INFO = INCLUDE_SOURCE;
				MTL_FAST_MATH = YES;
				ONLY_ACTIVE_ARCH = YES;
				SDKROOT = iphoneos;
				SWIFT_ACTIVE_COMPILATION_CONDITIONS = DEBUG;
				SWIFT_OPTIMIZATION_LEVEL = "-Onone";
			};
			name = Debug;
		};
		2F5D131322905A5B008B52FA /* Release */ = {
			isa = XCBuildConfiguration;
			buildSettings = {
				ALWAYS_SEARCH_USER_PATHS = NO;
				CLANG_ANALYZER_NONNULL = YES;
				CLANG_ANALYZER_NUMBER_OBJECT_CONVERSION = YES_AGGRESSIVE;
				CLANG_CXX_LANGUAGE_STANDARD = "gnu++14";
				CLANG_CXX_LIBRARY = "libc++";
				CLANG_ENABLE_MODULES = YES;
				CLANG_ENABLE_OBJC_ARC = YES;
				CLANG_ENABLE_OBJC_WEAK = YES;
				CLANG_WARN_BLOCK_CAPTURE_AUTORELEASING = YES;
				CLANG_WARN_BOOL_CONVERSION = YES;
				CLANG_WARN_COMMA = YES;
				CLANG_WARN_CONSTANT_CONVERSION = YES;
				CLANG_WARN_DEPRECATED_OBJC_IMPLEMENTATIONS = YES;
				CLANG_WARN_DIRECT_OBJC_ISA_USAGE = YES_ERROR;
				CLANG_WARN_DOCUMENTATION_COMMENTS = YES;
				CLANG_WARN_EMPTY_BODY = YES;
				CLANG_WARN_ENUM_CONVERSION = YES;
				CLANG_WARN_INFINITE_RECURSION = YES;
				CLANG_WARN_INT_CONVERSION = YES;
				CLANG_WARN_NON_LITERAL_NULL_CONVERSION = YES;
				CLANG_WARN_OBJC_IMPLICIT_RETAIN_SELF = YES;
				CLANG_WARN_OBJC_LITERAL_CONVERSION = YES;
				CLANG_WARN_OBJC_ROOT_CLASS = YES_ERROR;
				CLANG_WARN_RANGE_LOOP_ANALYSIS = YES;
				CLANG_WARN_STRICT_PROTOTYPES = YES;
				CLANG_WARN_SUSPICIOUS_MOVE = YES;
				CLANG_WARN_UNGUARDED_AVAILABILITY = YES_AGGRESSIVE;
				CLANG_WARN_UNREACHABLE_CODE = YES;
				CLANG_WARN__DUPLICATE_METHOD_MATCH = YES;
				CODE_SIGN_IDENTITY = "iPhone Developer";
				COPY_PHASE_STRIP = NO;
				DEBUG_INFORMATION_FORMAT = "dwarf-with-dsym";
				ENABLE_NS_ASSERTIONS = NO;
				ENABLE_STRICT_OBJC_MSGSEND = YES;
				GCC_C_LANGUAGE_STANDARD = gnu11;
				GCC_NO_COMMON_BLOCKS = YES;
				GCC_WARN_64_TO_32_BIT_CONVERSION = YES;
				GCC_WARN_ABOUT_RETURN_TYPE = YES_ERROR;
				GCC_WARN_UNDECLARED_SELECTOR = YES;
				GCC_WARN_UNINITIALIZED_AUTOS = YES_AGGRESSIVE;
				GCC_WARN_UNUSED_FUNCTION = YES;
				GCC_WARN_UNUSED_VARIABLE = YES;
				IPHONEOS_DEPLOYMENT_TARGET = 12.2;
				MTL_ENABLE_DEBUG_INFO = NO;
				MTL_FAST_MATH = YES;
				SDKROOT = iphoneos;
				SWIFT_COMPILATION_MODE = wholemodule;
				SWIFT_OPTIMIZATION_LEVEL = "-O";
				VALIDATE_PRODUCT = YES;
			};
			name = Release;
		};
		2F5D131522905A5B008B52FA /* Debug */ = {
			isa = XCBuildConfiguration;
			buildSettings = {
				ASSETCATALOG_COMPILER_APPICON_NAME = AppIcon;
				CODE_SIGN_STYLE = Manual;
				DEVELOPMENT_TEAM = "";
				INFOPLIST_FILE = CustomizablePasswordField/Info.plist;
				IPHONEOS_DEPLOYMENT_TARGET = 11.0;
				LD_RUNPATH_SEARCH_PATHS = (
					"$(inherited)",
					"@executable_path/Frameworks",
				);
				PRODUCT_BUNDLE_IDENTIFIER = com.vijaygodse.CustomizablePasswordField;
				PRODUCT_NAME = "$(TARGET_NAME)";
				PROVISIONING_PROFILE_SPECIFIER = "";
				SWIFT_VERSION = 4.2;
				TARGETED_DEVICE_FAMILY = "1,2";
			};
			name = Debug;
		};
		2F5D131622905A5B008B52FA /* Release */ = {
			isa = XCBuildConfiguration;
			buildSettings = {
				ASSETCATALOG_COMPILER_APPICON_NAME = AppIcon;
				CODE_SIGN_STYLE = Manual;
				DEVELOPMENT_TEAM = "";
				INFOPLIST_FILE = CustomizablePasswordField/Info.plist;
				IPHONEOS_DEPLOYMENT_TARGET = 11.0;
				LD_RUNPATH_SEARCH_PATHS = (
					"$(inherited)",
					"@executable_path/Frameworks",
				);
				PRODUCT_BUNDLE_IDENTIFIER = com.vijaygodse.CustomizablePasswordField;
				PRODUCT_NAME = "$(TARGET_NAME)";
				PROVISIONING_PROFILE_SPECIFIER = "";
				SWIFT_VERSION = 4.2;
				TARGETED_DEVICE_FAMILY = "1,2";
			};
			name = Release;
		};
/* End XCBuildConfiguration section */

/* Begin XCConfigurationList section */
		2F5D12FD22905A59008B52FA /* Build configuration list for PBXProject "CustomizablePasswordField" */ = {
			isa = XCConfigurationList;
			buildConfigurations = (
				2F5D131222905A5B008B52FA /* Debug */,
				2F5D131322905A5B008B52FA /* Release */,
			);
			defaultConfigurationIsVisible = 0;
			defaultConfigurationName = Release;
		};
		2F5D131422905A5B008B52FA /* Build configuration list for PBXNativeTarget "CustomizablePasswordField" */ = {
			isa = XCConfigurationList;
			buildConfigurations = (
				2F5D131522905A5B008B52FA /* Debug */,
				2F5D131622905A5B008B52FA /* Release */,
			);
			defaultConfigurationIsVisible = 0;
			defaultConfigurationName = Release;
		};
/* End XCConfigurationList section */
	};
	rootObject = 2F5D12FA22905A59008B52FA /* Project object */;
}
